{
    "_readme": [
        "This file locks the dependencies of your project to a known state",
        "Read more about it at https://getcomposer.org/doc/01-basic-usage.md#composer-lock-the-lock-file",
        "This file is @generated automatically"
    ],
    "hash": "8a32dc445e5b8a39a173ac689a66a799",
    "content-hash": "d07de9b1049eefb4300172b58952cd07",
    "packages": [
        {
            "name": "Daniel-KM/Noid4Php",
            "version": "1.1.0",
            "dist": {
                "type": "zip",
                "url": "https://github.com/Daniel-KM/Noid4Php/archive/1.1.0.zip",
                "reference": null,
                "shasum": null
            },
            "type": "library",
            "autoload": {
                "classmap": [
                    "lib/"
                ]
            }
        }
    ],
    "packages-dev": [],
    "aliases": [],
    "minimum-stability": "stable",
    "stability-flags": [],
    "prefer-stable": false,
    "prefer-lowest": false,
    "platform": [],
    "platform-dev": []
}
